
Microsoft Visual Studio Solution File, Format Version 12.00
# Visual Studio Version 16
VisualStudioVersion = 16.0.31025.194
MinimumVisualStudioVersion = 10.0.40219.1
Project("{FAE04EC0-301F-11D3-BF4B-00C04F79EFBC}") = "grafika8", "grafika8\grafika8.csproj", "{DF9096F2-D2F9-42F4-ABAE-087A67BC2130}"
EndProject
Global
	GlobalSection(SolutionConfigurationPlatforms) = preSolution
		Debug|Any CPU = Debug|Any CPU
		Release|Any CPU = Release|Any CPU
	EndGlobalSection
	GlobalSection(ProjectConfigurationPlatforms) = postSolution
		{DF9096F2-D2F9-42F4-ABAE-087A67BC2130}.Debug|Any CPU.ActiveCfg = Debug|Any CPU
		{DF9096F2-D2F9-42F4-ABAE-087A67BC2130}.Debug|Any CPU.Build.0 = Debug|Any CPU
		{DF9096F2-D2F9-42F4-ABAE-087A67BC2130}.Release|Any CPU.ActiveCfg = Release|Any CPU
		{DF9096F2-D2F9-42F4-ABAE-087A67BC2130}.Release|Any CPU.Build.0 = Release|Any CPU
	EndGlobalSection
	GlobalSection(SolutionProperties) = preSolution
		HideSolutionNode = FALSE
	EndGlobalSection
	GlobalSection(ExtensibilityGlobals) = postSolution
		SolutionGuid = {07DC201A-C7B4-4C4B-905B-B1C34820B812}
	EndGlobalSection
EndGlobal
